
Microsoft Visual Studio Solution File, Format Version 12.00
# Visual Studio Version 16
VisualStudioVersion = 16.0.30503.244
MinimumVisualStudioVersion = 10.0.40219.1
Project("{FAE04EC0-301F-11D3-BF4B-00C04F79EFBC}") = "DTHT", "DTHT\DTHT.csproj", "{6E268517-C8E2-470A-BF2B-7F0C3C18EC3D}"
EndProject
Global
	GlobalSection(SolutionConfigurationPlatforms) = preSolution
		Debug|Any CPU = Debug|Any CPU
		Release|Any CPU = Release|Any CPU
	EndGlobalSection
	GlobalSection(ProjectConfigurationPlatforms) = postSolution
		{6E268517-C8E2-470A-BF2B-7F0C3C18EC3D}.Debug|Any CPU.ActiveCfg = Debug|Any CPU
		{6E268517-C8E2-470A-BF2B-7F0C3C18EC3D}.Debug|Any CPU.Build.0 = Debug|Any CPU
		{6E268517-C8E2-470A-BF2B-7F0C3C18EC3D}.Release|Any CPU.ActiveCfg = Release|Any CPU
		{6E268517-C8E2-470A-BF2B-7F0C3C18EC3D}.Release|Any CPU.Build.0 = Release|Any CPU
	EndGlobalSection
	GlobalSection(SolutionProperties) = preSolution
		HideSolutionNode = FALSE
	EndGlobalSection
	GlobalSection(ExtensibilityGlobals) = postSolution
		SolutionGuid = {D40CA3AD-A1C6-4435-A18A-2F8CB80FE93F}
	EndGlobalSection
EndGlobal
